github.com/crutcha/netlink v1.0.0 h1:xQxTcxyVS5xxcgTfq68UYxCt1/M7VggOi8/VagHa+bw=
github.com/crutcha/netlink v1.0.0/go.mod h1:bBtWgCb2PG9DZJk+PNfDohlTGZind3ApAJIhJkxiIF0=
github.com/crutcha/netlink v1.0.1-0.20200603195430-5b160c99dadc h1:24daB6Sg0FXAK9DsKeYaOIIhjPJ6NQfvHUi+yCJjBHA=
github.com/crutcha/netlink v1.0.1-0.20200603195430-5b160c99dadc/go.mod h1:FSQhuTO7eHT34mPzX+B04SUAjiqLxtXs1et0S6l9k4k=
github.com/crutcha/netlink v1.0.1-0.20200618161744-9f7fe3e78ae7 h1:mkNW7JktD5XXazS3bW23lrwvvp3pQ4dGTJwcXztm9SY=
github.com/crutcha/netlink v1.0.1-0.20200618161744-9f7fe3e78ae7/go.mod h1:FSQhuTO7eHT34mPzX+B04SUAjiqLxtXs1et0S6l9k4k=
github.com/vishvananda/netlink v1.1.0 h1:1iyaYNBLmP6L0220aDnYQpo1QEV4t4hJ+xEEhhJH8j0=
github.com/vishvananda/netlink v1.1.0/go.mod h1:cTgwzPIzzgDAYoQrMm0EdrjRUBkTqKYppBueQtXaqoE=
github.com/vishvananda/netns v0.0.0-20191106174202-0a2b9b5464df/go.mod h1:JP3t17pCcGlemwknint6hfoeCVQrEMVwxRLRjXpq+BU=
github.com/vishvananda/netns v0.0.0-20200520041808-52d707b772fe h1:mjAZxE1nh8yvuwhGHpdDqdhtNu2dgbpk93TwoXuk5so=
github.com/vishvananda/netns v0.0.0-20200520041808-52d707b772fe/go.mod h1:DD4vA1DwXk04H54A1oHXtwZmA0grkVMdPxx/VGLCah0=
golang.org/x/sys v0.0.0-20190606203320-7fc4e5ec1444/go.mod h1:h1NjWce9XRLGQEsW7wpKNCjG9DtNlClVuFLEZdDNbEs=
golang.org/x/sys v0.0.0-20200121082415-34d275377bf9/go.mod h1:h1NjWce9XRLGQEsW7wpKNCjG9DtNlClVuFLEZdDNbEs=
golang.org/x/sys v0.0.0-20200217220822-9197077df867/go.mod h1:h1NjWce9XRLGQEsW7wpKNCjG9DtNlClVuFLEZdDNbEs=
golang.org/x/sys v0.0.0-20200615200032-f1bc736245b1 h1:ogLJMz+qpzav7lGMh10LMvAkM/fAoGlaiiHYiFYdm80=
golang.org/x/sys v0.0.0-20200615200032-f1bc736245b1/go.mod h1:h1NjWce9XRLGQEsW7wpKNCjG9DtNlClVuFLEZdDNbEs=
